# This file is automatically @generated by Cargo.
# It is not intended for manual editing.
version = 3

[[package]]
name = "llvm-capi"
version = "0.1.0"
source = "git+https://github.com/lijinpei/llvm-capi-rs.git#871152d11087bb7f4a48897622d9912f1f70084d"

[[package]]
name = "mlir-capi"
version = "0.1.0"
dependencies = [
 "llvm-capi",
]
